
Microsoft Visual Studio Solution File, Format Version 12.00
# Visual Studio Version 17
VisualStudioVersion = 17.14.36623.8
MinimumVisualStudioVersion = 10.0.40219.1
Project("{FAE04EC0-301F-11D3-BF4B-00C04F79EFBC}") = "Urly.Domain", "Urly.Domain\Urly.Domain.csproj", "{53091FBF-9B6E-430E-91C6-CD8F91758185}"
EndProject
Project("{FAE04EC0-301F-11D3-BF4B-00C04F79EFBC}") = "Urly.Application", "Urly.Application\Urly.Application.csproj", "{D8F14643-1B5A-40D9-BF94-F67D90F3A5A6}"
EndProject
Project("{FAE04EC0-301F-11D3-BF4B-00C04F79EFBC}") = "Urly.Infrastructure", "Urly.Infrastructure\Urly.Infrastructure.csproj", "{9C5A38D6-5A25-4095-8E59-F2444E58D1F1}"
EndProject
Project("{FAE04EC0-301F-11D3-BF4B-00C04F79EFBC}") = "Urly.Shared", "Urly.Shared\Urly.Shared.csproj", "{27847393-923F-4BB9-9308-E7F3D3BED039}"
EndProject
Project("{FAE04EC0-301F-11D3-BF4B-00C04F79EFBC}") = "Urly.API", "Urly.API\Urly.API.csproj", "{3A2F7AD7-DB17-4F6D-A802-3E1E7557A407}"
EndProject
Project("{FAE04EC0-301F-11D3-BF4B-00C04F79EFBC}") = "Urly.Application.Tests", "Urly.Application.Tests\Urly.Application.Tests.csproj", "{2938AC4C-0627-43A3-B03D-34790504AB6C}"
EndProject
Project("{FAE04EC0-301F-11D3-BF4B-00C04F79EFBC}") = "Urly.API.Tests", "Urly.API.Tests\Urly.API.Tests.csproj", "{00872067-D4D0-4C91-9C26-E1BA0DDE0775}"
EndProject
Project("{2150E333-8FDC-42A3-9474-1A3956D46DE8}") = "Itens de Solução", "Itens de Solução", "{380A7511-A354-6D7A-0CC0-8FA1F1BA7B6C}"
	ProjectSection(SolutionItems) = preProject
		.dockerignore = .dockerignore
		README.md = README.md
	EndProjectSection
EndProject
Global
	GlobalSection(SolutionConfigurationPlatforms) = preSolution
		Debug|Any CPU = Debug|Any CPU
		Release|Any CPU = Release|Any CPU
	EndGlobalSection
	GlobalSection(ProjectConfigurationPlatforms) = postSolution
		{53091FBF-9B6E-430E-91C6-CD8F91758185}.Debug|Any CPU.ActiveCfg = Debug|Any CPU
		{53091FBF-9B6E-430E-91C6-CD8F91758185}.Debug|Any CPU.Build.0 = Debug|Any CPU
		{53091FBF-9B6E-430E-91C6-CD8F91758185}.Release|Any CPU.ActiveCfg = Release|Any CPU
		{53091FBF-9B6E-430E-91C6-CD8F91758185}.Release|Any CPU.Build.0 = Release|Any CPU
		{D8F14643-1B5A-40D9-BF94-F67D90F3A5A6}.Debug|Any CPU.ActiveCfg = Debug|Any CPU
		{D8F14643-1B5A-40D9-BF94-F67D90F3A5A6}.Debug|Any CPU.Build.0 = Debug|Any CPU
		{D8F14643-1B5A-40D9-BF94-F67D90F3A5A6}.Release|Any CPU.ActiveCfg = Release|Any CPU
		{D8F14643-1B5A-40D9-BF94-F67D90F3A5A6}.Release|Any CPU.Build.0 = Release|Any CPU
		{9C5A38D6-5A25-4095-8E59-F2444E58D1F1}.Debug|Any CPU.ActiveCfg = Debug|Any CPU
		{9C5A38D6-5A25-4095-8E59-F2444E58D1F1}.Debug|Any CPU.Build.0 = Debug|Any CPU
		{9C5A38D6-5A25-4095-8E59-F2444E58D1F1}.Release|Any CPU.ActiveCfg = Release|Any CPU
		{9C5A38D6-5A25-4095-8E59-F2444E58D1F1}.Release|Any CPU.Build.0 = Release|Any CPU
		{27847393-923F-4BB9-9308-E7F3D3BED039}.Debug|Any CPU.ActiveCfg = Debug|Any CPU
		{27847393-923F-4BB9-9308-E7F3D3BED039}.Debug|Any CPU.Build.0 = Debug|Any CPU
		{27847393-923F-4BB9-9308-E7F3D3BED039}.Release|Any CPU.ActiveCfg = Release|Any CPU
		{27847393-923F-4BB9-9308-E7F3D3BED039}.Release|Any CPU.Build.0 = Release|Any CPU
		{3A2F7AD7-DB17-4F6D-A802-3E1E7557A407}.Debug|Any CPU.ActiveCfg = Debug|Any CPU
		{3A2F7AD7-DB17-4F6D-A802-3E1E7557A407}.Debug|Any CPU.Build.0 = Debug|Any CPU
		{3A2F7AD7-DB17-4F6D-A802-3E1E7557A407}.Release|Any CPU.ActiveCfg = Release|Any CPU
		{3A2F7AD7-DB17-4F6D-A802-3E1E7557A407}.Release|Any CPU.Build.0 = Release|Any CPU
		{2938AC4C-0627-43A3-B03D-34790504AB6C}.Debug|Any CPU.ActiveCfg = Debug|Any CPU
		{2938AC4C-0627-43A3-B03D-34790504AB6C}.Debug|Any CPU.Build.0 = Debug|Any CPU
		{2938AC4C-0627-43A3-B03D-34790504AB6C}.Release|Any CPU.ActiveCfg = Release|Any CPU
		{2938AC4C-0627-43A3-B03D-34790504AB6C}.Release|Any CPU.Build.0 = Release|Any CPU
		{00872067-D4D0-4C91-9C26-E1BA0DDE0775}.Debug|Any CPU.ActiveCfg = Debug|Any CPU
		{00872067-D4D0-4C91-9C26-E1BA0DDE0775}.Debug|Any CPU.Build.0 = Debug|Any CPU
		{00872067-D4D0-4C91-9C26-E1BA0DDE0775}.Release|Any CPU.ActiveCfg = Release|Any CPU
		{00872067-D4D0-4C91-9C26-E1BA0DDE0775}.Release|Any CPU.Build.0 = Release|Any CPU
	EndGlobalSection
	GlobalSection(SolutionProperties) = preSolution
		HideSolutionNode = FALSE
	EndGlobalSection
	GlobalSection(ExtensibilityGlobals) = postSolution
		SolutionGuid = {E6881C71-27FA-4471-A6D1-D2EA37CEEDDE}
	EndGlobalSection
EndGlobal
